{
  "pins" : [
    {
      "identity" : "grxsubtest",
      "kind" : "remoteSourceControl",
      "location" : "https://github.com/stephengilroy-grx/GrxSubTest.git",
      "state" : {
        "revision" : "befa9b7a099b0354e6d5340cb421aec5a77923f9",
        "version" : "0.0.10"
      }
    }
  ],
  "version" : 2
}
