{
  "pins" : [
    {
      "identity" : "grxsubtest",
      "kind" : "remoteSourceControl",
      "location" : "https://github.com/stephengilroy-grx/GrxSubTest.git",
      "state" : {
        "revision" : "4b617bf27f34f815b50c86691baf7d6a63592d53",
        "version" : "0.0.5"
      }
    }
  ],
  "version" : 2
}
